// !$*UTF8*$!
{
	archiveVersion = 1;
	classes = {
	};
	objectVersion = 50;
	objects = {

/* Begin PBXBuildFile section */
		C1BBC08125E1A07F00555CAC /* OnBoardPageApp.swift in Sources */ = {isa = PBXBuildFile; fileRef = C1BBC08025E1A07F00555CAC /* OnBoardPageApp.swift */; };
		C1BBC08525E1A08200555CAC /* Assets.xcassets in Resources */ = {isa = PBXBuildFile; fileRef = C1BBC08425E1A08200555CAC /* Assets.xcassets */; };
		C1BBC08825E1A08200555CAC /* Preview Assets.xcassets in Resources */ = {isa = PBXBuildFile; fileRef = C1BBC08725E1A08200555CAC /* Preview Assets.xcassets */; };
		C1BBC08A25E1A08200555CAC /* Persistence.swift in Sources */ = {isa = PBXBuildFile; fileRef = C1BBC08925E1A08200555CAC /* Persistence.swift */; };
		C1BBC08D25E1A08200555CAC /* OnBoardPage.xcdatamodeld in Sources */ = {isa = PBXBuildFile; fileRef = C1BBC08B25E1A08200555CAC /* OnBoardPage.xcdatamodeld */; };
		C1BBC09625E1A10400555CAC /* SubView.swift in Sources */ = {isa = PBXBuildFile; fileRef = C1BBC09525E1A10400555CAC /* SubView.swift */; };
		C1BBC09925E1A21800555CAC /* OnBoardingView.swift in Sources */ = {isa = PBXBuildFile; fileRef = C1BBC09825E1A21800555CAC /* OnBoardingView.swift */; };
		C1BBC09C25E1A4A800555CAC /* SceneDelegate.swift in Sources */ = {isa = PBXBuildFile; fileRef = C1BBC09B25E1A4A800555CAC /* SceneDelegate.swift */; };
		C1BBC09F25E1A50600555CAC /* PageViewController.swift in Sources */ = {isa = PBXBuildFile; fileRef = C1BBC09E25E1A50600555CAC /* PageViewController.swift */; };
		C1BBC0A225E1A67B00555CAC /* PageControl.swift in Sources */ = {isa = PBXBuildFile; fileRef = C1BBC0A125E1A67B00555CAC /* PageControl.swift */; };
/* End PBXBuildFile section */

/* Begin PBXFileReference section */
		C1BBC07D25E1A07F00555CAC /* OnBoardPage.app */ = {isa = PBXFileReference; explicitFileType = wrapper.application; includeInIndex = 0; path = OnBoardPage.app; sourceTree = BUILT_PRODUCTS_DIR; };
		C1BBC08025E1A07F00555CAC /* OnBoardPageApp.swift */ = {isa = PBXFileReference; lastKnownFileType = sourcecode.swift; path = OnBoardPageApp.swift; sourceTree = "<group>"; };
		C1BBC08425E1A08200555CAC /* Assets.xcassets */ = {isa = PBXFileReference; lastKnownFileType = folder.assetcatalog; path = Assets.xcassets; sourceTree = "<group>"; };
		C1BBC08725E1A08200555CAC /* Preview Assets.xcassets */ = {isa = PBXFileReference; lastKnownFileType = folder.assetcatalog; path = "Preview Assets.xcassets"; sourceTree = "<group>"; };
		C1BBC08925E1A08200555CAC /* Persistence.swift */ = {isa = PBXFileReference; lastKnownFileType = sourcecode.swift; path = Persistence.swift; sourceTree = "<group>"; };
		C1BBC08C25E1A08200555CAC /* OnBoardPage.xcdatamodel */ = {isa = PBXFileReference; lastKnownFileType = wrapper.xcdatamodel; path = OnBoardPage.xcdatamodel; sourceTree = "<group>"; };
		C1BBC08E25E1A08200555CAC /* Info.plist */ = {isa = PBXFileReference; lastKnownFileType = text.plist.xml; path = Info.plist; sourceTree = "<group>"; };
		C1BBC09525E1A10400555CAC /* SubView.swift */ = {isa = PBXFileReference; lastKnownFileType = sourcecode.swift; path = SubView.swift; sourceTree = "<group>"; };
		C1BBC09825E1A21800555CAC /* OnBoardingView.swift */ = {isa = PBXFileReference; lastKnownFileType = sourcecode.swift; path = OnBoardingView.swift; sourceTree = "<group>"; };
		C1BBC09B25E1A4A800555CAC /* SceneDelegate.swift */ = {isa = PBXFileReference; lastKnownFileType = sourcecode.swift; path = SceneDelegate.swift; sourceTree = "<group>"; };
		C1BBC09E25E1A50600555CAC /* PageViewController.swift */ = {isa = PBXFileReference; lastKnownFileType = sourcecode.swift; path = PageViewController.swift; sourceTree = "<group>"; };
		C1BBC0A125E1A67B00555CAC /* PageControl.swift */ = {isa = PBXFileReference; lastKnownFileType = sourcecode.swift; path = PageControl.swift; sourceTree = "<group>"; };
/* End PBXFileReference section */

/* Begin PBXFrameworksBuildPhase section */
		C1BBC07A25E1A07F00555CAC /* Frameworks */ = {
			isa = PBXFrameworksBuildPhase;
			buildActionMask = 2147483647;
			files = (
			);
			runOnlyForDeploymentPostprocessing = 0;
		};
/* End PBXFrameworksBuildPhase section */

/* Begin PBXGroup section */
		C1BBC07425E1A07F00555CAC = {
			isa = PBXGroup;
			children = (
				C1BBC07F25E1A07F00555CAC /* OnBoardPage */,
				C1BBC07E25E1A07F00555CAC /* Products */,
			);
			sourceTree = "<group>";
		};
		C1BBC07E25E1A07F00555CAC /* Products */ = {
			isa = PBXGroup;
			children = (
				C1BBC07D25E1A07F00555CAC /* OnBoardPage.app */,
			);
			name = Products;
			sourceTree = "<group>";
		};
		C1BBC07F25E1A07F00555CAC /* OnBoardPage */ = {
			isa = PBXGroup;
			children = (
				C1BBC08025E1A07F00555CAC /* OnBoardPageApp.swift */,
				C1BBC08425E1A08200555CAC /* Assets.xcassets */,
				C1BBC08925E1A08200555CAC /* Persistence.swift */,
				C1BBC08E25E1A08200555CAC /* Info.plist */,
				C1BBC08B25E1A08200555CAC /* OnBoardPage.xcdatamodeld */,
				C1BBC08625E1A08200555CAC /* Preview Content */,
				C1BBC09525E1A10400555CAC /* SubView.swift */,
				C1BBC09825E1A21800555CAC /* OnBoardingView.swift */,
				C1BBC09B25E1A4A800555CAC /* SceneDelegate.swift */,
				C1BBC09E25E1A50600555CAC /* PageViewController.swift */,
				C1BBC0A125E1A67B00555CAC /* PageControl.swift */,
			);
			path = OnBoardPage;
			sourceTree = "<group>";
		};
		C1BBC08625E1A08200555CAC /* Preview Content */ = {
			isa = PBXGroup;
			children = (
				C1BBC08725E1A08200555CAC /* Preview Assets.xcassets */,
			);
			path = "Preview Content";
			sourceTree = "<group>";
		};
/* End PBXGroup section */

/* Begin PBXNativeTarget section */
		C1BBC07C25E1A07F00555CAC /* OnBoardPage */ = {
			isa = PBXNativeTarget;
			buildConfigurationList = C1BBC09125E1A08200555CAC /* Build configuration list for PBXNativeTarget "OnBoardPage" */;
			buildPhases = (
				C1BBC07925E1A07F00555CAC /* Sources */,
				C1BBC07A25E1A07F00555CAC /* Frameworks */,
				C1BBC07B25E1A07F00555CAC /* Resources */,
			);
			buildRules = (
			);
			dependencies = (
			);
			name = OnBoardPage;
			productName = OnBoardPage;
			productReference = C1BBC07D25E1A07F00555CAC /* OnBoardPage.app */;
			productType = "com.apple.product-type.application";
		};
/* End PBXNativeTarget section */

/* Begin PBXProject section */
		C1BBC07525E1A07F00555CAC /* Project object */ = {
			isa = PBXProject;
			attributes = {
				LastSwiftUpdateCheck = 1240;
				LastUpgradeCheck = 1240;
				TargetAttributes = {
					C1BBC07C25E1A07F00555CAC = {
						CreatedOnToolsVersion = 12.4;
					};
				};
			};
			buildConfigurationList = C1BBC07825E1A07F00555CAC /* Build configuration list for PBXProject "OnBoardPage" */;
			compatibilityVersion = "Xcode 9.3";
			developmentRegion = en;
			hasScannedForEncodings = 0;
			knownRegions = (
				en,
				Base,
			);
			mainGroup = C1BBC07425E1A07F00555CAC;
			productRefGroup = C1BBC07E25E1A07F00555CAC /* Products */;
			projectDirPath = "";
			projectRoot = "";
			targets = (
				C1BBC07C25E1A07F00555CAC /* OnBoardPage */,
			);
		};
/* End PBXProject section */

/* Begin PBXResourcesBuildPhase section */
		C1BBC07B25E1A07F00555CAC /* Resources */ = {
			isa = PBXResourcesBuildPhase;
			buildActionMask = 2147483647;
			files = (
				C1BBC08825E1A08200555CAC /* Preview Assets.xcassets in Resources */,
				C1BBC08525E1A08200555CAC /* Assets.xcassets in Resources */,
			);
			runOnlyForDeploymentPostprocessing = 0;
		};
/* End PBXResourcesBuildPhase section */

/* Begin PBXSourcesBuildPhase section */
		C1BBC07925E1A07F00555CAC /* Sources */ = {
			isa = PBXSourcesBuildPhase;
			buildActionMask = 2147483647;
			files = (
				C1BBC08A25E1A08200555CAC /* Persistence.swift in Sources */,
				C1BBC09C25E1A4A800555CAC /* SceneDelegate.swift in Sources */,
				C1BBC0A225E1A67B00555CAC /* PageControl.swift in Sources */,
				C1BBC08D25E1A08200555CAC /* OnBoardPage.xcdatamodeld in Sources */,
				C1BBC09925E1A21800555CAC /* OnBoardingView.swift in Sources */,
				C1BBC08125E1A07F00555CAC /* OnBoardPageApp.swift in Sources */,
				C1BBC09625E1A10400555CAC /* SubView.swift in Sources */,
				C1BBC09F25E1A50600555CAC /* PageViewController.swift in Sources */,
			);
			runOnlyForDeploymentPostprocessing = 0;
		};
/* End PBXSourcesBuildPhase section */

/* Begin XCBuildConfiguration section */
		C1BBC08F25E1A08200555CAC /* Debug */ = {
			isa = XCBuildConfiguration;
			buildSettings = {
				ALWAYS_SEARCH_USER_PATHS = NO;
				CLANG_ANALYZER_NONNULL = YES;
				CLANG_ANALYZER_NUMBER_OBJECT_CONVERSION = YES_AGGRESSIVE;
				CLANG_CXX_LANGUAGE_STANDARD = "gnu++14";
				CLANG_CXX_LIBRARY = "libc++";
				CLANG_ENABLE_MODULES = YES;
				CLANG_ENABLE_OBJC_ARC = YES;
				CLANG_ENABLE_OBJC_WEAK = YES;
				CLANG_WARN_BLOCK_CAPTURE_AUTORELEASING = YES;
				CLANG_WARN_BOOL_CONVERSION = YES;
				CLANG_WARN_COMMA = YES;
				CLANG_WARN_CONSTANT_CONVERSION = YES;
				CLANG_WARN_DEPRECATED_OBJC_IMPLEMENTATIONS = YES;
				CLANG_WARN_DIRECT_OBJC_ISA_USAGE = YES_ERROR;
				CLANG_WARN_DOCUMENTATION_COMMENTS = YES;
				CLANG_WARN_EMPTY_BODY = YES;
				CLANG_WARN_ENUM_CONVERSION = YES;
				CLANG_WARN_INFINITE_RECURSION = YES;
				CLANG_WARN_INT_CONVERSION = YES;
				CLANG_WARN_NON_LITERAL_NULL_CONVERSION = YES;
				CLANG_WARN_OBJC_IMPLICIT_RETAIN_SELF = YES;
				CLANG_WARN_OBJC_LITERAL_CONVERSION = YES;
				CLANG_WARN_OBJC_ROOT_CLASS = YES_ERROR;
				CLANG_WARN_QUOTED_INCLUDE_IN_FRAMEWORK_HEADER = YES;
				CLANG_WARN_RANGE_LOOP_ANALYSIS = YES;
				CLANG_WARN_STRICT_PROTOTYPES = YES;
				CLANG_WARN_SUSPICIOUS_MOVE = YES;
				CLANG_WARN_UNGUARDED_AVAILABILITY = YES_AGGRESSIVE;
				CLANG_WARN_UNREACHABLE_CODE = YES;
				CLANG_WARN__DUPLICATE_METHOD_MATCH = YES;
				COPY_PHASE_STRIP = NO;
				DEBUG_INFORMATION_FORMAT = dwarf;
				ENABLE_STRICT_OBJC_MSGSEND = YES;
				ENABLE_TESTABILITY = YES;
				GCC_C_LANGUAGE_STANDARD = gnu11;
				GCC_DYNAMIC_NO_PIC = NO;
				GCC_NO_COMMON_BLOCKS = YES;
				GCC_OPTIMIZATION_LEVEL = 0;
				GCC_PREPROCESSOR_DEFINITIONS = (
					"DEBUG=1",
					"$(inherited)",
				);
				GCC_WARN_64_TO_32_BIT_CONVERSION = YES;
				GCC_WARN_ABOUT_RETURN_TYPE = YES_ERROR;
				GCC_WARN_UNDECLARED_SELECTOR = YES;
				GCC_WARN_UNINITIALIZED_AUTOS = YES_AGGRESSIVE;
				GCC_WARN_UNUSED_FUNCTION = YES;
				GCC_WARN_UNUSED_VARIABLE = YES;
				IPHONEOS_DEPLOYMENT_TARGET = 14.4;
				MTL_ENABLE_DEBUG_INFO = INCLUDE_SOURCE;
				MTL_FAST_MATH = YES;
				ONLY_ACTIVE_ARCH = YES;
				SDKROOT = iphoneos;
				SWIFT_ACTIVE_COMPILATION_CONDITIONS = DEBUG;
				SWIFT_OPTIMIZATION_LEVEL = "-Onone";
			};
			name = Debug;
		};
		C1BBC09025E1A08200555CAC /* Release */ = {
			isa = XCBuildConfiguration;
			buildSettings = {
				ALWAYS_SEARCH_USER_PATHS = NO;
				CLANG_ANALYZER_NONNULL = YES;
				CLANG_ANALYZER_NUMBER_OBJECT_CONVERSION = YES_AGGRESSIVE;
				CLANG_CXX_LANGUAGE_STANDARD = "gnu++14";
				CLANG_CXX_LIBRARY = "libc++";
				CLANG_ENABLE_MODULES = YES;
				CLANG_ENABLE_OBJC_ARC = YES;
				CLANG_ENABLE_OBJC_WEAK = YES;
				CLANG_WARN_BLOCK_CAPTURE_AUTORELEASING = YES;
				CLANG_WARN_BOOL_CONVERSION = YES;
				CLANG_WARN_COMMA = YES;
				CLANG_WARN_CONSTANT_CONVERSION = YES;
				CLANG_WARN_DEPRECATED_OBJC_IMPLEMENTATIONS = YES;
				CLANG_WARN_DIRECT_OBJC_ISA_USAGE = YES_ERROR;
				CLANG_WARN_DOCUMENTATION_COMMENTS = YES;
				CLANG_WARN_EMPTY_BODY = YES;
				CLANG_WARN_ENUM_CONVERSION = YES;
				CLANG_WARN_INFINITE_RECURSION = YES;
				CLANG_WARN_INT_CONVERSION = YES;
				CLANG_WARN_NON_LITERAL_NULL_CONVERSION = YES;
				CLANG_WARN_OBJC_IMPLICIT_RETAIN_SELF = YES;
				CLANG_WARN_OBJC_LITERAL_CONVERSION = YES;
				CLANG_WARN_OBJC_ROOT_CLASS = YES_ERROR;
				CLANG_WARN_QUOTED_INCLUDE_IN_FRAMEWORK_HEADER = YES;
				CLANG_WARN_RANGE_LOOP_ANALYSIS = YES;
				CLANG_WARN_STRICT_PROTOTYPES = YES;
				CLANG_WARN_SUSPICIOUS_MOVE = YES;
				CLANG_WARN_UNGUARDED_AVAILABILITY = YES_AGGRESSIVE;
				CLANG_WARN_UNREACHABLE_CODE = YES;
				CLANG_WARN__DUPLICATE_METHOD_MATCH = YES;
				COPY_PHASE_STRIP = NO;
				DEBUG_INFORMATION_FORMAT = "dwarf-with-dsym";
				ENABLE_NS_ASSERTIONS = NO;
				ENABLE_STRICT_OBJC_MSGSEND = YES;
				GCC_C_LANGUAGE_STANDARD = gnu11;
				GCC_NO_COMMON_BLOCKS = YES;
				GCC_WARN_64_TO_32_BIT_CONVERSION = YES;
				GCC_WARN_ABOUT_RETURN_TYPE = YES_ERROR;
				GCC_WARN_UNDECLARED_SELECTOR = YES;
				GCC_WARN_UNINITIALIZED_AUTOS = YES_AGGRESSIVE;
				GCC_WARN_UNUSED_FUNCTION = YES;
				GCC_WARN_UNUSED_VARIABLE = YES;
				IPHONEOS_DEPLOYMENT_TARGET = 14.4;
				MTL_ENABLE_DEBUG_INFO = NO;
				MTL_FAST_MATH = YES;
				SDKROOT = iphoneos;
				SWIFT_COMPILATION_MODE = wholemodule;
				SWIFT_OPTIMIZATION_LEVEL = "-O";
				VALIDATE_PRODUCT = YES;
			};
			name = Release;
		};
		C1BBC09225E1A08200555CAC /* Debug */ = {
			isa = XCBuildConfiguration;
			buildSettings = {
				ASSETCATALOG_COMPILER_APPICON_NAME = AppIcon;
				ASSETCATALOG_COMPILER_GLOBAL_ACCENT_COLOR_NAME = AccentColor;
				CODE_SIGN_STYLE = Automatic;
				DEVELOPMENT_ASSET_PATHS = "\"OnBoardPage/Preview Content\"";
				DEVELOPMENT_TEAM = J385NJ2F59;
				ENABLE_PREVIEWS = YES;
				INFOPLIST_FILE = OnBoardPage/Info.plist;
				IPHONEOS_DEPLOYMENT_TARGET = 14.0;
				LD_RUNPATH_SEARCH_PATHS = (
					"$(inherited)",
					"@executable_path/Frameworks",
				);
				PRODUCT_BUNDLE_IDENTIFIER = leaodebrito.OnBoardPage;
				PRODUCT_NAME = "$(TARGET_NAME)";
				SWIFT_VERSION = 5.0;
				TARGETED_DEVICE_FAMILY = "1,2";
			};
			name = Debug;
		};
		C1BBC09325E1A08200555CAC /* Release */ = {
			isa = XCBuildConfiguration;
			buildSettings = {
				ASSETCATALOG_COMPILER_APPICON_NAME = AppIcon;
				ASSETCATALOG_COMPILER_GLOBAL_ACCENT_COLOR_NAME = AccentColor;
				CODE_SIGN_STYLE = Automatic;
				DEVELOPMENT_ASSET_PATHS = "\"OnBoardPage/Preview Content\"";
				DEVELOPMENT_TEAM = J385NJ2F59;
				ENABLE_PREVIEWS = YES;
				INFOPLIST_FILE = OnBoardPage/Info.plist;
				IPHONEOS_DEPLOYMENT_TARGET = 14.0;
				LD_RUNPATH_SEARCH_PATHS = (
					"$(inherited)",
					"@executable_path/Frameworks",
				);
				PRODUCT_BUNDLE_IDENTIFIER = leaodebrito.OnBoardPage;
				PRODUCT_NAME = "$(TARGET_NAME)";
				SWIFT_VERSION = 5.0;
				TARGETED_DEVICE_FAMILY = "1,2";
			};
			name = Release;
		};
/* End XCBuildConfiguration section */

/* Begin XCConfigurationList section */
		C1BBC07825E1A07F00555CAC /* Build configuration list for PBXProject "OnBoardPage" */ = {
			isa = XCConfigurationList;
			buildConfigurations = (
				C1BBC08F25E1A08200555CAC /* Debug */,
				C1BBC09025E1A08200555CAC /* Release */,
			);
			defaultConfigurationIsVisible = 0;
			defaultConfigurationName = Release;
		};
		C1BBC09125E1A08200555CAC /* Build configuration list for PBXNativeTarget "OnBoardPage" */ = {
			isa = XCConfigurationList;
			buildConfigurations = (
				C1BBC09225E1A08200555CAC /* Debug */,
				C1BBC09325E1A08200555CAC /* Release */,
			);
			defaultConfigurationIsVisible = 0;
			defaultConfigurationName = Release;
		};
/* End XCConfigurationList section */

/* Begin XCVersionGroup section */
		C1BBC08B25E1A08200555CAC /* OnBoardPage.xcdatamodeld */ = {
			isa = XCVersionGroup;
			children = (
				C1BBC08C25E1A08200555CAC /* OnBoardPage.xcdatamodel */,
			);
			currentVersion = C1BBC08C25E1A08200555CAC /* OnBoardPage.xcdatamodel */;
			path = OnBoardPage.xcdatamodeld;
			sourceTree = "<group>";
			versionGroupType = wrapper.xcdatamodel;
		};
/* End XCVersionGroup section */
	};
	rootObject = C1BBC07525E1A07F00555CAC /* Project object */;
}
